
Microsoft Visual Studio Solution File, Format Version 12.00
# Visual Studio Version 16
VisualStudioVersion = 16.0.32126.315
MinimumVisualStudioVersion = 10.0.40219.1
Project("{FAE04EC0-301F-11D3-BF4B-00C04F79EFBC}") = "HackerRank Exercises", "HackerRank Exercises\HackerRank Exercises.csproj", "{2115B935-7BEA-40B2-9C26-313CC49D3399}"
EndProject
Global
	GlobalSection(SolutionConfigurationPlatforms) = preSolution
		Debug|Any CPU = Debug|Any CPU
		Release|Any CPU = Release|Any CPU
	EndGlobalSection
	GlobalSection(ProjectConfigurationPlatforms) = postSolution
		{2115B935-7BEA-40B2-9C26-313CC49D3399}.Debug|Any CPU.ActiveCfg = Debug|Any CPU
		{2115B935-7BEA-40B2-9C26-313CC49D3399}.Debug|Any CPU.Build.0 = Debug|Any CPU
		{2115B935-7BEA-40B2-9C26-313CC49D3399}.Release|Any CPU.ActiveCfg = Release|Any CPU
		{2115B935-7BEA-40B2-9C26-313CC49D3399}.Release|Any CPU.Build.0 = Release|Any CPU
	EndGlobalSection
	GlobalSection(SolutionProperties) = preSolution
		HideSolutionNode = FALSE
	EndGlobalSection
	GlobalSection(ExtensibilityGlobals) = postSolution
		SolutionGuid = {A02D9628-C75A-4500-AE77-023171F13A68}
	EndGlobalSection
EndGlobal
